{
	"name": "@magento/venia-concept",
	"version": "2.0.0-rc.10",
	"lockfileVersion": 1,
	"requires": true,
	"dependencies": {
		"react-redux": {
			"version": "5.1.1",
			"resolved": "https://registry.npmjs.org/react-redux/-/react-redux-5.1.1.tgz",
			"integrity": "sha512-LE7Ned+cv5qe7tMV5BPYkGQ5Lpg8gzgItK07c67yHvJ8t0iaD9kPFPAli/mYkiyJYrs2pJgExR2ZgsGqlrOApg==",
			"requires": {
				"@babel/runtime": "^7.1.2",
				"hoist-non-react-statics": "^3.1.0",
				"invariant": "^2.2.4",
				"loose-envify": "^1.1.0",
				"prop-types": "^15.6.1",
				"react-is": "^16.6.0",
				"react-lifecycles-compat": "^3.0.0"
			},
			"dependencies": {
				"@babel/runtime": {
					"version": "7.1.5",
					"resolved": "https://registry.npmjs.org/@babel/runtime/-/runtime-7.1.5.tgz",
					"integrity": "sha512-xKnPpXG/pvK1B90JkwwxSGii90rQGKtzcMt2gI5G6+M0REXaq6rOHsGC2ay6/d0Uje7zzvSzjEzfR3ENhFlrfA==",
					"requires": {
						"regenerator-runtime": "^0.12.0"
					}
				},
				"hoist-non-react-statics": {
					"version": "3.1.0",
					"resolved": "https://registry.npmjs.org/hoist-non-react-statics/-/hoist-non-react-statics-3.1.0.tgz",
					"integrity": "sha512-MYcYuROh7SBM69xHGqXEwQqDux34s9tz+sCnxJmN18kgWh6JFdTw/5YdZtqsOdZJXddE/wUpCzfEdDrJj8p0Iw==",
					"requires": {
						"react-is": "^16.3.2"
					}
				},
				"invariant": {
					"version": "2.2.4",
					"resolved": "https://registry.npmjs.org/invariant/-/invariant-2.2.4.tgz",
					"integrity": "sha512-phJfQVBuaJM5raOpJjSfkiD6BpbCE4Ns//LaXl6wGYtUBY83nWS6Rf9tXm2e8VaK60JEjYldbPif/A2B1C2gNA==",
					"requires": {
						"loose-envify": "^1.0.0"
					}
				},
				"js-tokens": {
					"version": "4.0.0",
					"resolved": "https://registry.npmjs.org/js-tokens/-/js-tokens-4.0.0.tgz",
					"integrity": "sha512-RdJUflcE3cUzKiMqQgsCu06FPu9UdIJO0beYbPhHN4k6apgJtifcoCtT9bcxOpYBtpD2kCM6Sbzg4CausW/PKQ=="
				},
				"loose-envify": {
					"version": "1.4.0",
					"resolved": "https://registry.npmjs.org/loose-envify/-/loose-envify-1.4.0.tgz",
					"integrity": "sha512-lyuxPGr/Wfhrlem2CL/UcnUc1zcqKAImBDzukY7Y5F/yQiNdko6+fRLevlw1HgMySw7f611UIY408EtxRSoK3Q==",
					"requires": {
						"js-tokens": "^3.0.0 || ^4.0.0"
					}
				},
				"object-assign": {
					"version": "4.1.1",
					"resolved": "https://registry.npmjs.org/object-assign/-/object-assign-4.1.1.tgz",
					"integrity": "sha1-IQmtx5ZYh8/AXLvUQsrIv7s2CGM="
				},
				"prop-types": {
					"version": "15.6.2",
					"resolved": "https://registry.npmjs.org/prop-types/-/prop-types-15.6.2.tgz",
					"integrity": "sha512-3pboPvLiWD7dkI3qf3KbUe6hKFKa52w+AE0VCqECtf+QHAKgOL37tTaNCnuX1nAAQ4ZhyP+kYVKf8rLmJ/feDQ==",
					"requires": {
						"loose-envify": "^1.3.1",
						"object-assign": "^4.1.1"
					}
				},
				"react-is": {
					"version": "16.6.3",
					"resolved": "https://registry.npmjs.org/react-is/-/react-is-16.6.3.tgz",
					"integrity": "sha512-u7FDWtthB4rWibG/+mFbVd5FvdI20yde86qKGx4lVUTWmPlSWQ4QxbBIrrs+HnXGbxOUlUzTAP/VDmvCwaP2yA=="
				},
				"react-lifecycles-compat": {
					"version": "3.0.4",
					"resolved": "https://registry.npmjs.org/react-lifecycles-compat/-/react-lifecycles-compat-3.0.4.tgz",
					"integrity": "sha512-fBASbA6LnOU9dOU2eW7aQ8xmYBSXUIWr+UmF9b1efZBazGNO+rcXT/icdKnYm2pTwcRylVUYwW7H1PHfLekVzA=="
				},
				"regenerator-runtime": {
					"version": "0.12.1",
					"resolved": "https://registry.npmjs.org/regenerator-runtime/-/regenerator-runtime-0.12.1.tgz",
					"integrity": "sha512-odxIc1/vDlo4iZcfXqRYFj0vpXFNoGdKMAUieAlFYO6m/nl5e9KR/beGf41z4a1FI+aQgtjhuaSlDxQ0hmkrHg=="
				}
			}
		}
	}
}
